{
  "name": "mongodb-transaction-daemon",
  "version": "1.0.1",
  "lockfileVersion": 1,
  "requires": true,
  "dependencies": {
    "@seangenabe/mutex": {
      "version": "1.0.0",
      "resolved": "https://registry.npmjs.org/@seangenabe/mutex/-/mutex-1.0.0.tgz",
      "integrity": "sha512-5LtjVKuFo9590XPxZqw3UOvBnKNQAFdjoRUSgpICdczsSGxyJ14BsqSaZS7YvV1lOtbul+Cfo6XlzefCWSnxxg=="
    },
    "@types/bson": {
      "version": "1.0.6",
      "resolved": "https://registry.npmjs.org/@types/bson/-/bson-1.0.6.tgz",
      "integrity": "sha512-v7N8qcTGiYhLRyi+Y69R3tPC4GLqByCg3NC2EO6PciC166O9dNhjFPoXeMePtZ+0f+/O2xLDWXs5BLnRfcBaBA==",
      "dev": true,
      "requires": {
        "@types/node": "9.4.0"
      }
    },
    "@types/events": {
      "version": "1.1.0",
      "resolved": "https://registry.npmjs.org/@types/events/-/events-1.1.0.tgz",
      "integrity": "sha512-y3bR98mzYOo0pAZuiLari+cQyiKk3UXRuT45h1RjhfeCzqkjaVsfZJNaxdgtk7/3tzOm1ozLTqEqMP3VbI48jw==",
      "dev": true
    },
    "@types/mongodb": {
      "version": "3.0.5",
      "resolved": "https://registry.npmjs.org/@types/mongodb/-/mongodb-3.0.5.tgz",
      "integrity": "sha512-tjWtVn9b8l9MXbhps7Jte1BpC3AmiTW2WXIQfO3SvCiZnisOOVck3fen/r4XnXRTw4JRen/hQmHokG0v58tiJg==",
      "dev": true,
      "requires": {
        "@types/bson": "1.0.6",
        "@types/events": "1.1.0",
        "@types/node": "9.4.0"
      }
    },
    "@types/node": {
      "version": "9.4.0",
      "resolved": "https://registry.npmjs.org/@types/node/-/node-9.4.0.tgz",
      "integrity": "sha512-zkYho6/4wZyX6o9UQ8rd0ReEaiEYNNCqYFIAACe2Tf9DrYlgzWW27OigYHnnztnnZQwVRpwWmZKegFmDpinIsA==",
      "dev": true
    },
    "p-map": {
      "version": "1.2.0",
      "resolved": "https://registry.npmjs.org/p-map/-/p-map-1.2.0.tgz",
      "integrity": "sha512-r6zKACMNhjPJMTl8KcFH4li//gkrXWfbD6feV8l6doRHlzljFWGJ2AP6iKaCJXyZmAUMOPtvbW7EXkbWO/pLEA=="
    },
    "typescript": {
      "version": "2.6.2",
      "resolved": "https://registry.npmjs.org/typescript/-/typescript-2.6.2.tgz",
      "integrity": "sha1-PFtv1/beCRQmkCfwPAlGdY92c6Q=",
      "dev": true
    }
  }
}
